
Microsoft Visual Studio Solution File, Format Version 11.00
# Visual Studio 2010
Project("{8BC9CEB8-8B4A-11D0-8D11-00A0C91BC942}") = "CardTool", "CardTool\CardTool.vcxproj", "{E8451C8C-9722-4934-B93B-7FAC0B374E8F}"
	ProjectSection(ProjectDependencies) = postProject
		{0676F72D-9453-4EB9-B7B3-95BBB0E59EB6} = {0676F72D-9453-4EB9-B7B3-95BBB0E59EB6}
		{A771CA34-D86E-47DA-837E-7BE3116AE138} = {A771CA34-D86E-47DA-837E-7BE3116AE138}
		{5ED5D745-CF82-4E0B-B789-BF056459519E} = {5ED5D745-CF82-4E0B-B789-BF056459519E}
		{5A49006A-3D82-4CD1-9D21-1E8BF8F01016} = {5A49006A-3D82-4CD1-9D21-1E8BF8F01016}
		{3BF6B194-A7F6-42D7-A249-32DEEF2D1803} = {3BF6B194-A7F6-42D7-A249-32DEEF2D1803}
	EndProjectSection
EndProject
Project("{8BC9CEB8-8B4A-11D0-8D11-00A0C91BC942}") = "Crypto", "Crypto\Crypto.vcxproj", "{A771CA34-D86E-47DA-837E-7BE3116AE138}"
EndProject
Project("{8BC9CEB8-8B4A-11D0-8D11-00A0C91BC942}") = "Generator", "Generator\Generator.vcxproj", "{3BF6B194-A7F6-42D7-A249-32DEEF2D1803}"
EndProject
Project("{8BC9CEB8-8B4A-11D0-8D11-00A0C91BC942}") = "Keys", "Keys\Keys.vcxproj", "{5ED5D745-CF82-4E0B-B789-BF056459519E}"
EndProject
Project("{8BC9CEB8-8B4A-11D0-8D11-00A0C91BC942}") = "Keyset", "Keyset\Keyset.vcxproj", "{0676F72D-9453-4EB9-B7B3-95BBB0E59EB6}"
EndProject
Project("{8BC9CEB8-8B4A-11D0-8D11-00A0C91BC942}") = "Manager", "Manager\Manager.vcxproj", "{5A49006A-3D82-4CD1-9D21-1E8BF8F01016}"
	ProjectSection(ProjectDependencies) = postProject
		{0676F72D-9453-4EB9-B7B3-95BBB0E59EB6} = {0676F72D-9453-4EB9-B7B3-95BBB0E59EB6}
		{A771CA34-D86E-47DA-837E-7BE3116AE138} = {A771CA34-D86E-47DA-837E-7BE3116AE138}
		{5ED5D745-CF82-4E0B-B789-BF056459519E} = {5ED5D745-CF82-4E0B-B789-BF056459519E}
		{3BF6B194-A7F6-42D7-A249-32DEEF2D1803} = {3BF6B194-A7F6-42D7-A249-32DEEF2D1803}
	EndProjectSection
EndProject
Global
	GlobalSection(SolutionConfigurationPlatforms) = preSolution
		Debug|Win32 = Debug|Win32
		Release|Win32 = Release|Win32
	EndGlobalSection
	GlobalSection(ProjectConfigurationPlatforms) = postSolution
		{E8451C8C-9722-4934-B93B-7FAC0B374E8F}.Debug|Win32.ActiveCfg = Debug|Win32
		{E8451C8C-9722-4934-B93B-7FAC0B374E8F}.Debug|Win32.Build.0 = Debug|Win32
		{E8451C8C-9722-4934-B93B-7FAC0B374E8F}.Release|Win32.ActiveCfg = Release|Win32
		{E8451C8C-9722-4934-B93B-7FAC0B374E8F}.Release|Win32.Build.0 = Release|Win32
		{A771CA34-D86E-47DA-837E-7BE3116AE138}.Debug|Win32.ActiveCfg = Debug|Win32
		{A771CA34-D86E-47DA-837E-7BE3116AE138}.Debug|Win32.Build.0 = Debug|Win32
		{A771CA34-D86E-47DA-837E-7BE3116AE138}.Release|Win32.ActiveCfg = Release|Win32
		{A771CA34-D86E-47DA-837E-7BE3116AE138}.Release|Win32.Build.0 = Release|Win32
		{3BF6B194-A7F6-42D7-A249-32DEEF2D1803}.Debug|Win32.ActiveCfg = Debug|Win32
		{3BF6B194-A7F6-42D7-A249-32DEEF2D1803}.Debug|Win32.Build.0 = Debug|Win32
		{3BF6B194-A7F6-42D7-A249-32DEEF2D1803}.Release|Win32.ActiveCfg = Release|Win32
		{3BF6B194-A7F6-42D7-A249-32DEEF2D1803}.Release|Win32.Build.0 = Release|Win32
		{5ED5D745-CF82-4E0B-B789-BF056459519E}.Debug|Win32.ActiveCfg = Debug|Win32
		{5ED5D745-CF82-4E0B-B789-BF056459519E}.Debug|Win32.Build.0 = Debug|Win32
		{5ED5D745-CF82-4E0B-B789-BF056459519E}.Release|Win32.ActiveCfg = Release|Win32
		{5ED5D745-CF82-4E0B-B789-BF056459519E}.Release|Win32.Build.0 = Release|Win32
		{0676F72D-9453-4EB9-B7B3-95BBB0E59EB6}.Debug|Win32.ActiveCfg = Debug|Win32
		{0676F72D-9453-4EB9-B7B3-95BBB0E59EB6}.Debug|Win32.Build.0 = Debug|Win32
		{0676F72D-9453-4EB9-B7B3-95BBB0E59EB6}.Release|Win32.ActiveCfg = Release|Win32
		{0676F72D-9453-4EB9-B7B3-95BBB0E59EB6}.Release|Win32.Build.0 = Release|Win32
		{5A49006A-3D82-4CD1-9D21-1E8BF8F01016}.Debug|Win32.ActiveCfg = Debug|Win32
		{5A49006A-3D82-4CD1-9D21-1E8BF8F01016}.Debug|Win32.Build.0 = Debug|Win32
		{5A49006A-3D82-4CD1-9D21-1E8BF8F01016}.Release|Win32.ActiveCfg = Release|Win32
		{5A49006A-3D82-4CD1-9D21-1E8BF8F01016}.Release|Win32.Build.0 = Release|Win32
	EndGlobalSection
	GlobalSection(SolutionProperties) = preSolution
		HideSolutionNode = FALSE
	EndGlobalSection
EndGlobal
